
Microsoft Visual Studio Solution File, Format Version 12.00
# Visual Studio Version 16
VisualStudioVersion = 16.0.29728.190
MinimumVisualStudioVersion = 10.0.40219.1
Project("{FAE04EC0-301F-11D3-BF4B-00C04F79EFBC}") = "App.Terminal", "App.Terminal\App.Terminal.csproj", "{28BE3C10-4230-4A95-BB2A-25A8BF890D38}"
EndProject
Global
	GlobalSection(SolutionConfigurationPlatforms) = preSolution
		Debug|Any CPU = Debug|Any CPU
		Release|Any CPU = Release|Any CPU
	EndGlobalSection
	GlobalSection(ProjectConfigurationPlatforms) = postSolution
		{28BE3C10-4230-4A95-BB2A-25A8BF890D38}.Debug|Any CPU.ActiveCfg = Debug|Any CPU
		{28BE3C10-4230-4A95-BB2A-25A8BF890D38}.Debug|Any CPU.Build.0 = Debug|Any CPU
		{28BE3C10-4230-4A95-BB2A-25A8BF890D38}.Release|Any CPU.ActiveCfg = Release|Any CPU
		{28BE3C10-4230-4A95-BB2A-25A8BF890D38}.Release|Any CPU.Build.0 = Release|Any CPU
	EndGlobalSection
	GlobalSection(SolutionProperties) = preSolution
		HideSolutionNode = FALSE
	EndGlobalSection
	GlobalSection(ExtensibilityGlobals) = postSolution
		SolutionGuid = {B45F22FD-C683-41ED-9A07-E7DDC6E6248A}
	EndGlobalSection
EndGlobal
